
Microsoft Visual Studio Solution File, Format Version 12.00
# Visual Studio Version 16
VisualStudioVersion = 16.0.29215.179
MinimumVisualStudioVersion = 10.0.40219.1
Project("{9A19103F-16F7-4668-BE54-9A1E7A4F7556}") = "TekHow.Core", "TekHow.Core.csproj", "{96315885-27B7-479D-B66F-1F498DF4F1C6}"
EndProject
Global
	GlobalSection(SolutionConfigurationPlatforms) = preSolution
		Debug|Any CPU = Debug|Any CPU
		Release|Any CPU = Release|Any CPU
	EndGlobalSection
	GlobalSection(ProjectConfigurationPlatforms) = postSolution
		{96315885-27B7-479D-B66F-1F498DF4F1C6}.Debug|Any CPU.ActiveCfg = Debug|Any CPU
		{96315885-27B7-479D-B66F-1F498DF4F1C6}.Debug|Any CPU.Build.0 = Debug|Any CPU
		{96315885-27B7-479D-B66F-1F498DF4F1C6}.Release|Any CPU.ActiveCfg = Release|Any CPU
		{96315885-27B7-479D-B66F-1F498DF4F1C6}.Release|Any CPU.Build.0 = Release|Any CPU
	EndGlobalSection
	GlobalSection(SolutionProperties) = preSolution
		HideSolutionNode = FALSE
	EndGlobalSection
	GlobalSection(ExtensibilityGlobals) = postSolution
		SolutionGuid = {8BDC49D9-4399-4048-A37F-3DC1F52D3646}
	EndGlobalSection
EndGlobal
